{
  "lib/automata-tpm-attestation": {
    "branch": {
      "name": "DEV-4523/tpm2_certify",
      "rev": "5e7ec97f57dd9c55cacfe7b9b9ac4462947ae7c2"
    }
  },
  "lib/forge-std": {
    "rev": "27ba11c86ac93d8d4a50437ae26621468fe63c20"
  },
  "lib/openzeppelin-contracts": {
    "rev": "353f564d1db53c1d30cfa8a631771c205e41107b"
  },
  "lib/openzeppelin-contracts-upgradeable": {
    "rev": "c1f5d81e2f53599bc9e4653bbc7c126032c96bd1"
  },
  "lib/solady": {
    "rev": "cbcfe0009477aa329574f17e8db0a05703bb8bdd"
  }
}
