{
  "contracts/lib/forge-std": {
    "rev": "77041d2ce690e692d6e03cc812b57d1ddaa4d505"
  },
  "contracts/lib/openzeppelin-contracts": {
    "rev": "c64a1edb67b6e3f4a15cca8909c9482ad33a02b0"
  },
  "contracts/lib/openzeppelin-contracts-upgradeable": {
    "rev": "e725abddf1e01cf05ace496e950fc8e243cc7cab"
  },
  "contracts/lib/solady": {
    "rev": "a5bb996e91aae5b0c068087af7594d92068b12f1"
  },
  "lib/automata-tpm-attestation": {
    "rev": "1a3ab2bc4886ac5313365f94e3d60dcf01fd9c41"
  },
  "lib/forge-std": {
    "rev": "77041d2ce690e692d6e03cc812b57d1ddaa4d505"
  },
  "lib/openzeppelin-contracts": {
    "rev": "c64a1edb67b6e3f4a15cca8909c9482ad33a02b0"
  },
  "lib/openzeppelin-contracts-upgradeable": {
    "rev": "e725abddf1e01cf05ace496e950fc8e243cc7cab"
  },
  "lib/solady": {
    "rev": "a5bb996e91aae5b0c068087af7594d92068b12f1"
  }
}